
Microsoft Visual Studio Solution File, Format Version 12.00
# Visual Studio Version 17
VisualStudioVersion = 17.7.34221.43
MinimumVisualStudioVersion = 10.0.40219.1
Project("{FAE04EC0-301F-11D3-BF4B-00C04F79EFBC}") = "CarShopGUI", "CarShopGUI\CarShopGUI.csproj", "{21D5C47B-BA59-4FE5-854A-E0A43CD2B896}"
EndProject
Project("{9A19103F-16F7-4668-BE54-9A1E7A4F7556}") = "CarClassLibrary", "CarClassLibrary\CarClassLibrary.csproj", "{21123790-C549-411B-93AF-AA478383A956}"
EndProject
Global
	GlobalSection(SolutionConfigurationPlatforms) = preSolution
		Debug|Any CPU = Debug|Any CPU
		Release|Any CPU = Release|Any CPU
	EndGlobalSection
	GlobalSection(ProjectConfigurationPlatforms) = postSolution
		{21D5C47B-BA59-4FE5-854A-E0A43CD2B896}.Debug|Any CPU.ActiveCfg = Debug|Any CPU
		{21D5C47B-BA59-4FE5-854A-E0A43CD2B896}.Debug|Any CPU.Build.0 = Debug|Any CPU
		{21D5C47B-BA59-4FE5-854A-E0A43CD2B896}.Release|Any CPU.ActiveCfg = Release|Any CPU
		{21D5C47B-BA59-4FE5-854A-E0A43CD2B896}.Release|Any CPU.Build.0 = Release|Any CPU
		{21123790-C549-411B-93AF-AA478383A956}.Debug|Any CPU.ActiveCfg = Debug|Any CPU
		{21123790-C549-411B-93AF-AA478383A956}.Debug|Any CPU.Build.0 = Debug|Any CPU
		{21123790-C549-411B-93AF-AA478383A956}.Release|Any CPU.ActiveCfg = Release|Any CPU
		{21123790-C549-411B-93AF-AA478383A956}.Release|Any CPU.Build.0 = Release|Any CPU
	EndGlobalSection
	GlobalSection(SolutionProperties) = preSolution
		HideSolutionNode = FALSE
	EndGlobalSection
	GlobalSection(ExtensibilityGlobals) = postSolution
		SolutionGuid = {5E66A85A-463D-4323-8B00-495CE9778754}
	EndGlobalSection
EndGlobal
