
Microsoft Visual Studio Solution File, Format Version 12.00
# Visual Studio Version 17
VisualStudioVersion = 17.7.34221.43
MinimumVisualStudioVersion = 10.0.40219.1
Project("{9A19103F-16F7-4668-BE54-9A1E7A4F7556}") = "Minesweeper", "Minesweeper+\Minesweeper.csproj", "{8FBB3817-9205-46F0-B35A-1AEF60D5F8DE}"
EndProject
Project("{FAE04EC0-301F-11D3-BF4B-00C04F79EFBC}") = "Minesweeper.Test", "Minesweeper.Test\Minesweeper.Test.csproj", "{CEC5D0B5-80F1-467B-B846-85375F894E98}"
EndProject
Global
	GlobalSection(SolutionConfigurationPlatforms) = preSolution
		Debug|Any CPU = Debug|Any CPU
		Release|Any CPU = Release|Any CPU
	EndGlobalSection
	GlobalSection(ProjectConfigurationPlatforms) = postSolution
		{8FBB3817-9205-46F0-B35A-1AEF60D5F8DE}.Debug|Any CPU.ActiveCfg = Debug|Any CPU
		{8FBB3817-9205-46F0-B35A-1AEF60D5F8DE}.Debug|Any CPU.Build.0 = Debug|Any CPU
		{8FBB3817-9205-46F0-B35A-1AEF60D5F8DE}.Release|Any CPU.ActiveCfg = Release|Any CPU
		{8FBB3817-9205-46F0-B35A-1AEF60D5F8DE}.Release|Any CPU.Build.0 = Release|Any CPU
		{CEC5D0B5-80F1-467B-B846-85375F894E98}.Debug|Any CPU.ActiveCfg = Debug|Any CPU
		{CEC5D0B5-80F1-467B-B846-85375F894E98}.Debug|Any CPU.Build.0 = Debug|Any CPU
		{CEC5D0B5-80F1-467B-B846-85375F894E98}.Release|Any CPU.ActiveCfg = Release|Any CPU
		{CEC5D0B5-80F1-467B-B846-85375F894E98}.Release|Any CPU.Build.0 = Release|Any CPU
	EndGlobalSection
	GlobalSection(SolutionProperties) = preSolution
		HideSolutionNode = FALSE
	EndGlobalSection
	GlobalSection(ExtensibilityGlobals) = postSolution
		SolutionGuid = {DE85665C-608F-475B-862E-C2D14A5659CB}
	EndGlobalSection
EndGlobal
